
Microsoft Visual Studio Solution File, Format Version 10.00
# Visual Studio 2008
Project("{D183A3D8-5FD8-494B-B014-37F57B35E655}") = "SSIS_TcpRetransmission", "TcpRetransmission\SSIS_TcpRetransmission.dtproj", "{A5DEB6A8-1C90-4EBE-BE0B-82B3D24BD12F}"
EndProject
Global
	GlobalSection(SolutionConfigurationPlatforms) = preSolution
		Development|Default = Development|Default
	EndGlobalSection
	GlobalSection(ProjectConfigurationPlatforms) = postSolution
		{A5DEB6A8-1C90-4EBE-BE0B-82B3D24BD12F}.Development|Default.ActiveCfg = Development
		{A5DEB6A8-1C90-4EBE-BE0B-82B3D24BD12F}.Development|Default.Build.0 = Development
	EndGlobalSection
	GlobalSection(SolutionProperties) = preSolution
		HideSolutionNode = FALSE
	EndGlobalSection
EndGlobal
