
Microsoft Visual Studio Solution File, Format Version 11.00
# Visual Studio 2010
Project("{FAE04EC0-301F-11D3-BF4B-00C04F79EFBC}") = "MutliInterfaceGnGi", "MutliInterfaceGnGi\MutliInterfaceGnGi.csproj", "{926AEDDE-0FBC-4402-BA05-29F591D6477D}"
EndProject
Project("{FAE04EC0-301F-11D3-BF4B-00C04F79EFBC}") = "EntityClass", "EntityClass\EntityClass.csproj", "{D8A714D9-49F9-4C5E-B1DD-CF0DC75CF524}"
EndProject
Project("{FAE04EC0-301F-11D3-BF4B-00C04F79EFBC}") = "MongoMapReduce", "MongoMapReduce\MongoMapReduce.csproj", "{287CB215-FA24-46C2-ACF4-F67351A800ED}"
EndProject
Project("{FAE04EC0-301F-11D3-BF4B-00C04F79EFBC}") = "MultiGnGi", "..\MultiGnGi\MultiGnGi.csproj", "{B598579B-B4BD-49C1-99D4-F849C792168C}"
EndProject
Global
	GlobalSection(SolutionConfigurationPlatforms) = preSolution
		Debug|Any CPU = Debug|Any CPU
		Debug|Mixed Platforms = Debug|Mixed Platforms
		Debug|x86 = Debug|x86
		Release|Any CPU = Release|Any CPU
		Release|Mixed Platforms = Release|Mixed Platforms
		Release|x86 = Release|x86
	EndGlobalSection
	GlobalSection(ProjectConfigurationPlatforms) = postSolution
		{926AEDDE-0FBC-4402-BA05-29F591D6477D}.Debug|Any CPU.ActiveCfg = Debug|Any CPU
		{926AEDDE-0FBC-4402-BA05-29F591D6477D}.Debug|Any CPU.Build.0 = Debug|Any CPU
		{926AEDDE-0FBC-4402-BA05-29F591D6477D}.Debug|Mixed Platforms.ActiveCfg = Debug|Any CPU
		{926AEDDE-0FBC-4402-BA05-29F591D6477D}.Debug|Mixed Platforms.Build.0 = Debug|Any CPU
		{926AEDDE-0FBC-4402-BA05-29F591D6477D}.Debug|x86.ActiveCfg = Debug|Any CPU
		{926AEDDE-0FBC-4402-BA05-29F591D6477D}.Release|Any CPU.ActiveCfg = Release|Any CPU
		{926AEDDE-0FBC-4402-BA05-29F591D6477D}.Release|Any CPU.Build.0 = Release|Any CPU
		{926AEDDE-0FBC-4402-BA05-29F591D6477D}.Release|Mixed Platforms.ActiveCfg = Release|Any CPU
		{926AEDDE-0FBC-4402-BA05-29F591D6477D}.Release|Mixed Platforms.Build.0 = Release|Any CPU
		{926AEDDE-0FBC-4402-BA05-29F591D6477D}.Release|x86.ActiveCfg = Release|Any CPU
		{D8A714D9-49F9-4C5E-B1DD-CF0DC75CF524}.Debug|Any CPU.ActiveCfg = Debug|Any CPU
		{D8A714D9-49F9-4C5E-B1DD-CF0DC75CF524}.Debug|Any CPU.Build.0 = Debug|Any CPU
		{D8A714D9-49F9-4C5E-B1DD-CF0DC75CF524}.Debug|Mixed Platforms.ActiveCfg = Debug|Any CPU
		{D8A714D9-49F9-4C5E-B1DD-CF0DC75CF524}.Debug|Mixed Platforms.Build.0 = Debug|Any CPU
		{D8A714D9-49F9-4C5E-B1DD-CF0DC75CF524}.Debug|x86.ActiveCfg = Debug|Any CPU
		{D8A714D9-49F9-4C5E-B1DD-CF0DC75CF524}.Release|Any CPU.ActiveCfg = Release|Any CPU
		{D8A714D9-49F9-4C5E-B1DD-CF0DC75CF524}.Release|Any CPU.Build.0 = Release|Any CPU
		{D8A714D9-49F9-4C5E-B1DD-CF0DC75CF524}.Release|Mixed Platforms.ActiveCfg = Release|Any CPU
		{D8A714D9-49F9-4C5E-B1DD-CF0DC75CF524}.Release|Mixed Platforms.Build.0 = Release|Any CPU
		{D8A714D9-49F9-4C5E-B1DD-CF0DC75CF524}.Release|x86.ActiveCfg = Release|Any CPU
		{287CB215-FA24-46C2-ACF4-F67351A800ED}.Debug|Any CPU.ActiveCfg = Debug|x86
		{287CB215-FA24-46C2-ACF4-F67351A800ED}.Debug|Mixed Platforms.ActiveCfg = Debug|x86
		{287CB215-FA24-46C2-ACF4-F67351A800ED}.Debug|Mixed Platforms.Build.0 = Debug|x86
		{287CB215-FA24-46C2-ACF4-F67351A800ED}.Debug|x86.ActiveCfg = Debug|x86
		{287CB215-FA24-46C2-ACF4-F67351A800ED}.Debug|x86.Build.0 = Debug|x86
		{287CB215-FA24-46C2-ACF4-F67351A800ED}.Release|Any CPU.ActiveCfg = Release|x86
		{287CB215-FA24-46C2-ACF4-F67351A800ED}.Release|Mixed Platforms.ActiveCfg = Release|x86
		{287CB215-FA24-46C2-ACF4-F67351A800ED}.Release|Mixed Platforms.Build.0 = Release|x86
		{287CB215-FA24-46C2-ACF4-F67351A800ED}.Release|x86.ActiveCfg = Release|x86
		{287CB215-FA24-46C2-ACF4-F67351A800ED}.Release|x86.Build.0 = Release|x86
		{B598579B-B4BD-49C1-99D4-F849C792168C}.Debug|Any CPU.ActiveCfg = Debug|x86
		{B598579B-B4BD-49C1-99D4-F849C792168C}.Debug|Mixed Platforms.ActiveCfg = Debug|x86
		{B598579B-B4BD-49C1-99D4-F849C792168C}.Debug|Mixed Platforms.Build.0 = Debug|x86
		{B598579B-B4BD-49C1-99D4-F849C792168C}.Debug|x86.ActiveCfg = Debug|x86
		{B598579B-B4BD-49C1-99D4-F849C792168C}.Debug|x86.Build.0 = Debug|x86
		{B598579B-B4BD-49C1-99D4-F849C792168C}.Release|Any CPU.ActiveCfg = Release|x86
		{B598579B-B4BD-49C1-99D4-F849C792168C}.Release|Mixed Platforms.ActiveCfg = Release|x86
		{B598579B-B4BD-49C1-99D4-F849C792168C}.Release|Mixed Platforms.Build.0 = Release|x86
		{B598579B-B4BD-49C1-99D4-F849C792168C}.Release|x86.ActiveCfg = Release|x86
		{B598579B-B4BD-49C1-99D4-F849C792168C}.Release|x86.Build.0 = Release|x86
	EndGlobalSection
	GlobalSection(SolutionProperties) = preSolution
		HideSolutionNode = FALSE
	EndGlobalSection
EndGlobal
