
Microsoft Visual Studio Solution File, Format Version 11.00
# Visual Studio 2010
Project("{FAE04EC0-301F-11D3-BF4B-00C04F79EFBC}") = "GnPlatForm", "GnPlatForm\GnPlatForm.csproj", "{613E83DA-1414-475D-BB23-AE029AA5BDA3}"
EndProject
Project("{FAE04EC0-301F-11D3-BF4B-00C04F79EFBC}") = "GbPlatForm", "GbPlatForm\GbPlatForm.csproj", "{D00EFBA1-C9E0-4535-B676-1DB0E841BC05}"
EndProject
Project("{FAE04EC0-301F-11D3-BF4B-00C04F79EFBC}") = "XID", "XID\XID.csproj", "{12502BAB-AC41-493C-9ADF-E4A0CDF2D6AB}"
EndProject
Global
	GlobalSection(SolutionConfigurationPlatforms) = preSolution
		Debug|x86 = Debug|x86
		Release|x86 = Release|x86
	EndGlobalSection
	GlobalSection(ProjectConfigurationPlatforms) = postSolution
		{613E83DA-1414-475D-BB23-AE029AA5BDA3}.Debug|x86.ActiveCfg = Debug|x86
		{613E83DA-1414-475D-BB23-AE029AA5BDA3}.Debug|x86.Build.0 = Debug|x86
		{613E83DA-1414-475D-BB23-AE029AA5BDA3}.Release|x86.ActiveCfg = Release|x86
		{613E83DA-1414-475D-BB23-AE029AA5BDA3}.Release|x86.Build.0 = Release|x86
		{D00EFBA1-C9E0-4535-B676-1DB0E841BC05}.Debug|x86.ActiveCfg = Debug|x86
		{D00EFBA1-C9E0-4535-B676-1DB0E841BC05}.Debug|x86.Build.0 = Debug|x86
		{D00EFBA1-C9E0-4535-B676-1DB0E841BC05}.Release|x86.ActiveCfg = Release|x86
		{D00EFBA1-C9E0-4535-B676-1DB0E841BC05}.Release|x86.Build.0 = Release|x86
		{12502BAB-AC41-493C-9ADF-E4A0CDF2D6AB}.Debug|x86.ActiveCfg = Debug|x86
		{12502BAB-AC41-493C-9ADF-E4A0CDF2D6AB}.Debug|x86.Build.0 = Debug|x86
		{12502BAB-AC41-493C-9ADF-E4A0CDF2D6AB}.Release|x86.ActiveCfg = Release|x86
		{12502BAB-AC41-493C-9ADF-E4A0CDF2D6AB}.Release|x86.Build.0 = Release|x86
	EndGlobalSection
	GlobalSection(SolutionProperties) = preSolution
		HideSolutionNode = FALSE
	EndGlobalSection
EndGlobal
